<?xml version="1.0" encoding="utf-8"?>
<Project ToolsVersion="4.0" xmlns="http://schemas.microsoft.com/developer/msbuild/2003">
  <ItemGroup>
    <Filter Include="Source Files">
      <UniqueIdentifier>{4FC737F1-C7A5-4376-A066-2A32D752A2FF}</UniqueIdentifier>
      <Extensions>cpp;c;cc;cxx;def;odl;idl;hpj;bat;asm;asmx</Extensions>
    </Filter>
    <Filter Include="Header Files">
      <UniqueIdentifier>{93995380-89BD-4b04-88EB-625FBE52EBFB}</UniqueIdentifier>
      <Extensions>h;hpp;hxx;hm;inl;inc;xsd</Extensions>
    </Filter>
    <Filter Include="Resource Files">
      <UniqueIdentifier>{67DA6AB6-F800-4c08-8B7A-83BB121AAD01}</UniqueIdentifier>
      <Extensions>rc;ico;cur;bmp;dlg;rc2;rct;bin;rgs;gif;jpg;jpeg;jpe;resx;tiff;tif;png;wav</Extensions>
    </Filter>
  </ItemGroup>
  <ItemGroup>
    <ClCompile Include="src\CAdaCounter.cpp">
      <Filter>Source Files</Filter>
    </ClCompile>
    <ClCompile Include="src\CBashCounter.cpp">
      <Filter>Source Files</Filter>
    </ClCompile>
    <ClCompile Include="src\cc_main.cpp">
      <Filter>Source Files</Filter>
    </ClCompile>
    <ClCompile Include="src\CCCounter.cpp">
      <Filter>Source Files</Filter>
    </ClCompile>
    <ClCompile Include="src\CCFScriptCounter.cpp">
      <Filter>Source Files</Filter>
    </ClCompile>
    <ClCompile Include="src\CCodeCounter.cpp">
      <Filter>Source Files</Filter>
    </ClCompile>
    <ClCompile Include="src\CColdFusionCounter.cpp">
      <Filter>Source Files</Filter>
    </ClCompile>
    <ClCompile Include="src\CCsharpCounter.cpp">
      <Filter>Source Files</Filter>
    </ClCompile>
    <ClCompile Include="src\CCshCounter.cpp">
      <Filter>Source Files</Filter>
    </ClCompile>
    <ClCompile Include="src\CCssCounter.cpp">
      <Filter>Source Files</Filter>
    </ClCompile>
    <ClCompile Include="src\CDataCounter.cpp">
      <Filter>Source Files</Filter>
    </ClCompile>
    <ClCompile Include="src\CFortranCounter.cpp">
      <Filter>Source Files</Filter>
    </ClCompile>
    <ClCompile Include="src\CHtmlCounter.cpp">
      <Filter>Source Files</Filter>
    </ClCompile>
    <ClCompile Include="src\CJavaCounter.cpp">
      <Filter>Source Files</Filter>
    </ClCompile>
    <ClCompile Include="src\CJavascriptCounter.cpp">
      <Filter>Source Files</Filter>
    </ClCompile>
    <ClCompile Include="src\CMakefileCounter.cpp">
      <Filter>Source Files</Filter>
    </ClCompile>
    <ClCompile Include="src\CMatlabCounter.cpp">
      <Filter>Source Files</Filter>
    </ClCompile>
    <ClCompile Include="src\CMidasCounter.cpp">
      <Filter>Source Files</Filter>
    </ClCompile>
    <ClCompile Include="src\CmpMngr.cpp">
      <Filter>Source Files</Filter>
    </ClCompile>
    <ClCompile Include="src\CNeXtMidasCounter.cpp">
      <Filter>Source Files</Filter>
    </ClCompile>
    <ClCompile Include="src\CPascalCounter.cpp">
      <Filter>Source Files</Filter>
    </ClCompile>
    <ClCompile Include="src\CPerlCounter.cpp">
      <Filter>Source Files</Filter>
    </ClCompile>
    <ClCompile Include="src\CPhpCounter.cpp">
      <Filter>Source Files</Filter>
    </ClCompile>
    <ClCompile Include="src\CPythonCounter.cpp">
      <Filter>Source Files</Filter>
    </ClCompile>
    <ClCompile Include="src\CRubyCounter.cpp">
      <Filter>Source Files</Filter>
    </ClCompile>
    <ClCompile Include="src\CSqlCounter.cpp">
      <Filter>Source Files</Filter>
    </ClCompile>
    <ClCompile Include="src\CTagCounter.cpp">
      <Filter>Source Files</Filter>
    </ClCompile>
    <ClCompile Include="src\CUtil.cpp">
      <Filter>Source Files</Filter>
    </ClCompile>
    <ClCompile Include="src\CVbCounter.cpp">
      <Filter>Source Files</Filter>
    </ClCompile>
    <ClCompile Include="src\CVbscriptCounter.cpp">
      <Filter>Source Files</Filter>
    </ClCompile>
    <ClCompile Include="src\CVerilogCounter.cpp">
      <Filter>Source Files</Filter>
    </ClCompile>
    <ClCompile Include="src\CVHDLCounter.cpp">
      <Filter>Source Files</Filter>
    </ClCompile>
    <ClCompile Include="src\CWebCounter.cpp">
      <Filter>Source Files</Filter>
    </ClCompile>
    <ClCompile Include="src\CXMidasCounter.cpp">
      <Filter>Source Files</Filter>
    </ClCompile>
    <ClCompile Include="src\CXmlCounter.cpp">
      <Filter>Source Files</Filter>
    </ClCompile>
    <ClCompile Include="src\DiffTool.cpp">
      <Filter>Source Files</Filter>
    </ClCompile>
    <ClCompile Include="src\main.cpp">
      <Filter>Source Files</Filter>
    </ClCompile>
    <ClCompile Include="src\MainObject.cpp">
      <Filter>Source Files</Filter>
    </ClCompile>
    <ClCompile Include="src\UserIF.cpp">
      <Filter>Source Files</Filter>
    </ClCompile>
    <ClCompile Include="src\CBatchCounter.cpp">
      <Filter>Source Files</Filter>
    </ClCompile>
    <ClCompile Include="src\CmpMngrHtml.cpp">
      <Filter>Source Files</Filter>
    </ClCompile>
    <ClCompile Include="src\CCJavaCsScalaCounter.cpp">
      <Filter>Source Files</Filter>
    </ClCompile>
    <ClCompile Include="src\UCCFilesOut.cpp">
      <Filter>Source Files</Filter>
    </ClCompile>
    <ClCompile Include="src\UCCGlobals.cpp">
      <Filter>Source Files</Filter>
    </ClCompile>
    <ClCompile Include="src\LangUtils.cpp">
      <Filter>Source Files</Filter>
    </ClCompile>
    <ClCompile Include="src\UCCThread.cpp">
      <Filter>Source Files</Filter>
    </ClCompile>
    <ClCompile Include="src\CAssemblyCounter.cpp">
      <Filter>Source Files</Filter>
    </ClCompile>
    <ClCompile Include="src\CCobolCounter.cpp">
      <Filter>Source Files</Filter>
    </ClCompile>
    <ClCompile Include="src\CIdlCounter.cpp">
      <Filter>Source Files</Filter>
    </ClCompile>
    <ClCompile Include="src\CScalaCounter.cpp">
      <Filter>Source Files</Filter>
    </ClCompile>
    <ClCompile Include="src\UCCExceptDump.cpp">
      <Filter>Source Files</Filter>
    </ClCompile>
    <ClCompile Include="src\CObjCCounter.cpp">
      <Filter>Source Files</Filter>
    </ClCompile>
    <ClCompile Include="src\FunctionParser.cpp">
      <Filter>Source Files</Filter>
    </ClCompile>
  </ItemGroup>
  <ItemGroup>
    <ClInclude Include="src\CAdaCounter.h">
      <Filter>Header Files</Filter>
    </ClInclude>
    <ClInclude Include="src\CBashCounter.h">
      <Filter>Header Files</Filter>
    </ClInclude>
    <ClInclude Include="src\cc_main.h">
      <Filter>Header Files</Filter>
    </ClInclude>
    <ClInclude Include="src\CCCounter.h">
      <Filter>Header Files</Filter>
    </ClInclude>
    <ClInclude Include="src\CCFScriptCounter.h">
      <Filter>Header Files</Filter>
    </ClInclude>
    <ClInclude Include="src\CCJavaCsCounter.h">
      <Filter>Header Files</Filter>
    </ClInclude>
    <ClInclude Include="src\CCodeCounter.h">
      <Filter>Header Files</Filter>
    </ClInclude>
    <ClInclude Include="src\CColdFusionCounter.h">
      <Filter>Header Files</Filter>
    </ClInclude>
    <ClInclude Include="src\CCsharpCounter.h">
      <Filter>Header Files</Filter>
    </ClInclude>
    <ClInclude Include="src\CCshCounter.h">
      <Filter>Header Files</Filter>
    </ClInclude>
    <ClInclude Include="src\CCssCounter.h">
      <Filter>Header Files</Filter>
    </ClInclude>
    <ClInclude Include="src\CDataCounter.h">
      <Filter>Header Files</Filter>
    </ClInclude>
    <ClInclude Include="src\CFortranCounter.h">
      <Filter>Header Files</Filter>
    </ClInclude>
    <ClInclude Include="src\CHtmlCounter.h">
      <Filter>Header Files</Filter>
    </ClInclude>
    <ClInclude Include="src\CJavaCounter.h">
      <Filter>Header Files</Filter>
    </ClInclude>
    <ClInclude Include="src\CJavascriptCounter.h">
      <Filter>Header Files</Filter>
    </ClInclude>
    <ClInclude Include="src\CMakefileCounter.h">
      <Filter>Header Files</Filter>
    </ClInclude>
    <ClInclude Include="src\CMatlabCounter.h">
      <Filter>Header Files</Filter>
    </ClInclude>
    <ClInclude Include="src\CMidasCounter.h">
      <Filter>Header Files</Filter>
    </ClInclude>
    <ClInclude Include="src\CmpMngr.h">
      <Filter>Header Files</Filter>
    </ClInclude>
    <ClInclude Include="src\CNeXtMidasCounter.h">
      <Filter>Header Files</Filter>
    </ClInclude>
    <ClInclude Include="src\CPascalCounter.h">
      <Filter>Header Files</Filter>
    </ClInclude>
    <ClInclude Include="src\CPerlCounter.h">
      <Filter>Header Files</Filter>
    </ClInclude>
    <ClInclude Include="src\CPhpCounter.h">
      <Filter>Header Files</Filter>
    </ClInclude>
    <ClInclude Include="src\CPythonCounter.h">
      <Filter>Header Files</Filter>
    </ClInclude>
    <ClInclude Include="src\CRubyCounter.h">
      <Filter>Header Files</Filter>
    </ClInclude>
    <ClInclude Include="src\CSqlCounter.h">
      <Filter>Header Files</Filter>
    </ClInclude>
    <ClInclude Include="src\CTagCounter.h">
      <Filter>Header Files</Filter>
    </ClInclude>
    <ClInclude Include="src\CUtil.h">
      <Filter>Header Files</Filter>
    </ClInclude>
    <ClInclude Include="src\CVbCounter.h">
      <Filter>Header Files</Filter>
    </ClInclude>
    <ClInclude Include="src\CVbscriptCounter.h">
      <Filter>Header Files</Filter>
    </ClInclude>
    <ClInclude Include="src\CVerilogCounter.h">
      <Filter>Header Files</Filter>
    </ClInclude>
    <ClInclude Include="src\CVHDLCounter.h">
      <Filter>Header Files</Filter>
    </ClInclude>
    <ClInclude Include="src\CWebCounter.h">
      <Filter>Header Files</Filter>
    </ClInclude>
    <ClInclude Include="src\CXMidasCounter.h">
      <Filter>Header Files</Filter>
    </ClInclude>
    <ClInclude Include="src\CXmlCounter.h">
      <Filter>Header Files</Filter>
    </ClInclude>
    <ClInclude Include="src\DiffTool.h">
      <Filter>Header Files</Filter>
    </ClInclude>
    <ClInclude Include="src\MainObject.h">
      <Filter>Header Files</Filter>
    </ClInclude>
    <ClInclude Include="src\UserIF.h">
      <Filter>Header Files</Filter>
    </ClInclude>
    <ClInclude Include="src\CBatchCounter.h">
      <Filter>Header Files</Filter>
    </ClInclude>
    <ClInclude Include="src\CmpMngrHtml.h">
      <Filter>Header Files</Filter>
    </ClInclude>
    <ClInclude Include="src\CCJavaCsScalaCounter.h">
      <Filter>Header Files</Filter>
    </ClInclude>
    <ClInclude Include="src\UCCFilesOut.h">
      <Filter>Source Files</Filter>
    </ClInclude>
    <ClInclude Include="src\UCCGlobals.h">
      <Filter>Source Files</Filter>
    </ClInclude>
    <ClInclude Include="src\LangUtils.h">
      <Filter>Header Files</Filter>
    </ClInclude>
    <ClInclude Include="src\UCCThread.h">
      <Filter>Header Files</Filter>
    </ClInclude>
    <ClInclude Include="src\CAssemblyCounter.h">
      <Filter>Header Files</Filter>
    </ClInclude>
    <ClInclude Include="src\CCobolCounter.h">
      <Filter>Header Files</Filter>
    </ClInclude>
    <ClInclude Include="src\CIdlCounter.h">
      <Filter>Header Files</Filter>
    </ClInclude>
    <ClInclude Include="src\CScalaCounter.h">
      <Filter>Header Files</Filter>
    </ClInclude>
    <ClInclude Include="src\UCCExceptDump.h">
      <Filter>Header Files</Filter>
    </ClInclude>
    <ClInclude Include="src\CObjCCounter.h">
      <Filter>Header Files</Filter>
    </ClInclude>
    <ClInclude Include="src\sema.h">
      <Filter>Header Files</Filter>
    </ClInclude>
    <ClInclude Include="src\UCCAfterLibraryIncludes.h">
      <Filter>Header Files</Filter>
    </ClInclude>
    <ClInclude Include="src\UCCBeforeLibraryIncludes.h">
      <Filter>Header Files</Filter>
    </ClInclude>
    <ClInclude Include="src\FunctionParser.h">
      <Filter>Source Files</Filter>
    </ClInclude>
  </ItemGroup>
  <ItemGroup>
    <Text Include="src\BOOST_LICENSE_1_0.txt" />
  </ItemGroup>
  <ItemGroup>
    <None Include="src\sema_h_LICENSE" />
  </ItemGroup>
</Project>
